
Microsoft Visual Studio Solution File, Format Version 12.00
# Visual Studio Version 17
VisualStudioVersion = 17.2.32526.322
MinimumVisualStudioVersion = 10.0.40219.1
Project("{FAE04EC0-301F-11D3-BF4B-00C04F79EFBC}") = "ConsoleApp4", "ConsoleApp4\ConsoleApp4.csproj", "{36F25A94-17D4-48A9-A3E1-AA17F4EBB884}"
EndProject
Global
	GlobalSection(SolutionConfigurationPlatforms) = preSolution
		Debug|Any CPU = Debug|Any CPU
		Release|Any CPU = Release|Any CPU
	EndGlobalSection
	GlobalSection(ProjectConfigurationPlatforms) = postSolution
		{36F25A94-17D4-48A9-A3E1-AA17F4EBB884}.Debug|Any CPU.ActiveCfg = Debug|Any CPU
		{36F25A94-17D4-48A9-A3E1-AA17F4EBB884}.Debug|Any CPU.Build.0 = Debug|Any CPU
		{36F25A94-17D4-48A9-A3E1-AA17F4EBB884}.Release|Any CPU.ActiveCfg = Release|Any CPU
		{36F25A94-17D4-48A9-A3E1-AA17F4EBB884}.Release|Any CPU.Build.0 = Release|Any CPU
	EndGlobalSection
	GlobalSection(SolutionProperties) = preSolution
		HideSolutionNode = FALSE
	EndGlobalSection
	GlobalSection(ExtensibilityGlobals) = postSolution
		SolutionGuid = {51A14E9D-89D7-487E-ACD2-2837AF8A4506}
	EndGlobalSection
EndGlobal
